
Microsoft Visual Studio Solution File, Format Version 12.00
# Visual Studio 15
VisualStudioVersion = 15.0.36617.4
MinimumVisualStudioVersion = 10.0.40219.1
Project("{F184B08F-C81C-45F6-A57F-5ABD9991F28F}") = "Practica4-reloj", "Practica4-reloj\Practica4-reloj.vbproj", "{EDE12A47-CD89-421E-8AFC-A1575F6B1F33}"
EndProject
Global
	GlobalSection(SolutionConfigurationPlatforms) = preSolution
		Debug|Any CPU = Debug|Any CPU
		Release|Any CPU = Release|Any CPU
	EndGlobalSection
	GlobalSection(ProjectConfigurationPlatforms) = postSolution
		{EDE12A47-CD89-421E-8AFC-A1575F6B1F33}.Debug|Any CPU.ActiveCfg = Debug|Any CPU
		{EDE12A47-CD89-421E-8AFC-A1575F6B1F33}.Debug|Any CPU.Build.0 = Debug|Any CPU
		{EDE12A47-CD89-421E-8AFC-A1575F6B1F33}.Release|Any CPU.ActiveCfg = Release|Any CPU
		{EDE12A47-CD89-421E-8AFC-A1575F6B1F33}.Release|Any CPU.Build.0 = Release|Any CPU
	EndGlobalSection
	GlobalSection(SolutionProperties) = preSolution
		HideSolutionNode = FALSE
	EndGlobalSection
	GlobalSection(ExtensibilityGlobals) = postSolution
		SolutionGuid = {F423A0FE-643C-4111-8025-C3AC6B35AB19}
	EndGlobalSection
EndGlobal
